
Microsoft Visual Studio Solution File, Format Version 12.00
# Visual Studio Version 17
VisualStudioVersion = 17.6.33815.320
MinimumVisualStudioVersion = 10.0.40219.1
Project("{FAE04EC0-301F-11D3-BF4B-00C04F79EFBC}") = "Binary_Ser_And_Dser", "Binary_Ser_And_Dser\Binary_Ser_And_Dser.csproj", "{5C26C73C-5446-406D-BE29-FBC43F777977}"
EndProject
Global
	GlobalSection(SolutionConfigurationPlatforms) = preSolution
		Debug|Any CPU = Debug|Any CPU
		Release|Any CPU = Release|Any CPU
	EndGlobalSection
	GlobalSection(ProjectConfigurationPlatforms) = postSolution
		{5C26C73C-5446-406D-BE29-FBC43F777977}.Debug|Any CPU.ActiveCfg = Debug|Any CPU
		{5C26C73C-5446-406D-BE29-FBC43F777977}.Debug|Any CPU.Build.0 = Debug|Any CPU
		{5C26C73C-5446-406D-BE29-FBC43F777977}.Release|Any CPU.ActiveCfg = Release|Any CPU
		{5C26C73C-5446-406D-BE29-FBC43F777977}.Release|Any CPU.Build.0 = Release|Any CPU
	EndGlobalSection
	GlobalSection(SolutionProperties) = preSolution
		HideSolutionNode = FALSE
	EndGlobalSection
	GlobalSection(ExtensibilityGlobals) = postSolution
		SolutionGuid = {4CCE0439-23FC-4E74-95BC-F4D537487649}
	EndGlobalSection
EndGlobal
